
Microsoft Visual Studio Solution File, Format Version 12.00
# Visual Studio Version 16
VisualStudioVersion = 16.6.30114.105
MinimumVisualStudioVersion = 10.0.40219.1
Project("{2150E333-8FDC-42A3-9474-1A3956D46DE8}") = "WebApps", "WebApps", "{07E9CACF-B4D2-4A5D-9920-38B9CA9EC3A2}"
EndProject
Project("{9A19103F-16F7-4668-BE54-9A1E7A4F7556}") = "WebApps.Gateway", "WebApps\Gateway\WebApps.Gateway.csproj", "{46D1328A-4407-4BCE-A30B-F424CB7A4A5E}"
	ProjectSection(ProjectDependencies) = postProject
		{D50A613E-5147-4809-85DB-85686D50129B} = {D50A613E-5147-4809-85DB-85686D50129B}
	EndProjectSection
EndProject
Project("{2150E333-8FDC-42A3-9474-1A3956D46DE8}") = "Logic", "Logic", "{74648731-0487-44A2-86E4-5F375B9B1B67}"
EndProject
Project("{9A19103F-16F7-4668-BE54-9A1E7A4F7556}") = "Logic.Routing.Abstractions", "Logic\Routing.Abstractions\Logic.Routing.Abstractions.csproj", "{D50A613E-5147-4809-85DB-85686D50129B}"
EndProject
Project("{9A19103F-16F7-4668-BE54-9A1E7A4F7556}") = "Logic.Routing", "Logic\Routing\Logic.Routing.csproj", "{F0F7DE84-1D7D-4438-B3E3-11F25746BF3D}"
EndProject
Project("{9A19103F-16F7-4668-BE54-9A1E7A4F7556}") = "Logic.FileAccess.Abstractions", "Logic\FileAccess.Abstractions\Logic.FileAccess.Abstractions.csproj", "{6CB5DC40-B0B0-4427-9D8E-DD2F52626CA2}"
EndProject
Project("{2150E333-8FDC-42A3-9474-1A3956D46DE8}") = "Infrastructure", "Infrastructure", "{3ED80D83-B7B1-43C0-B1F4-2B6682B4DA87}"
EndProject
Project("{FAE04EC0-301F-11D3-BF4B-00C04F79EFBC}") = "Infrustructure.FileAccess.FileSystem", "Infrastructure\FileAccess.FileSystem\Infrustructure.FileAccess.FileSystem.csproj", "{8B72E81C-BA54-47FF-9E15-EADE53E37885}"
EndProject
Project("{FAE04EC0-301F-11D3-BF4B-00C04F79EFBC}") = "Logic.Routing.Actions", "Logic\Routing.Actions\Logic.Routing.Actions.csproj", "{B9BDD718-45FE-4545-9A9D-AB2C335E812B}"
EndProject
Project("{FAE04EC0-301F-11D3-BF4B-00C04F79EFBC}") = "Logic.Subscriptions", "Logic\Subscriptions\Logic.Subscriptions.csproj", "{07FB0E60-9B4A-4EAA-B29E-F89C4897DC46}"
EndProject
Project("{2150E333-8FDC-42A3-9474-1A3956D46DE8}") = "ComponentTests", "ComponentTests", "{DE8C2D00-5013-4976-9365-896D624CD532}"
EndProject
Project("{9A19103F-16F7-4668-BE54-9A1E7A4F7556}") = "Logic.Routing.Utils", "Logic\Routing.Utils\Logic.Routing.Utils.csproj", "{7EC82795-C2B7-4BD0-BA45-3AFF9E4BEF07}"
EndProject
Project("{9A19103F-16F7-4668-BE54-9A1E7A4F7556}") = "WebApps.Gateway.Echo", "WebApps\Gateway.Echo\WebApps.Gateway.Echo.csproj", "{95ABB1CF-0BBC-411D-9B69-3DE3C2949CE8}"
EndProject
Project("{9A19103F-16F7-4668-BE54-9A1E7A4F7556}") = "WebApps.Gateway.Performance", "WebApps\Gateway.Performance\WebApps.Gateway.Performance.csproj", "{523EADD3-C8F5-4245-AD77-BCC003854CDC}"
EndProject
Project("{9A19103F-16F7-4668-BE54-9A1E7A4F7556}") = "WebApps.Gateway.Presentation", "WebApps\Gateway.Presentation\WebApps.Gateway.Presentation.csproj", "{ABE37F2C-8784-4B05-873B-19C32F724EFF}"
EndProject
Project("{FAE04EC0-301F-11D3-BF4B-00C04F79EFBC}") = "Infrastructure.FileAccess.AzureStorage", "Infrastructure\FileAccess.AzureStorage\Infrastructure.FileAccess.AzureStorage.csproj", "{996AF2E6-65D5-40F8-B77C-32D4E7D041EA}"
EndProject
Project("{2150E333-8FDC-42A3-9474-1A3956D46DE8}") = "Solution Items", "Solution Items", "{42F3768F-89B4-4E84-B790-13581CEC954B}"
	ProjectSection(SolutionItems) = preProject
		.editorconfig = .editorconfig
	EndProjectSection
EndProject
Project("{FAE04EC0-301F-11D3-BF4B-00C04F79EFBC}") = "Logic.Common", "Logic\Common\Logic.Common.csproj", "{25238FF5-44C6-4D96-8883-85CC94250875}"
EndProject
Project("{2150E333-8FDC-42A3-9474-1A3956D46DE8}") = "Apps", "Apps", "{83A05DB4-58DE-4B41-864B-0AE18CE8C4D0}"
EndProject
Project("{FAE04EC0-301F-11D3-BF4B-00C04F79EFBC}") = "Apps.Gateway", "Apps\Gateway\Apps.Gateway.csproj", "{256C8189-B09F-4FCB-863D-E58AB100F362}"
EndProject
Project("{FAE04EC0-301F-11D3-BF4B-00C04F79EFBC}") = "Logic.Routing.Tests", "Logic\Routing.Tests\Logic.Routing.Tests.csproj", "{F8DABFDC-EB79-4710-9686-FBB2D7A5CACE}"
EndProject
Project("{FAE04EC0-301F-11D3-BF4B-00C04F79EFBC}") = "ComponentTests.Gateway", "ComponentTests\ComponentTests.Gateway\ComponentTests.Gateway.csproj", "{3466DE1E-84CE-4006-8142-1F8930320741}"
EndProject
Project("{FAE04EC0-301F-11D3-BF4B-00C04F79EFBC}") = "Apps.Gateway.Azure", "Apps\Gateway.Azure\Apps.Gateway.Azure.csproj", "{B33866AC-455B-4E09-8255-7B6C679F178E}"
EndProject
Project("{FAE04EC0-301F-11D3-BF4B-00C04F79EFBC}") = "Logic.Subscriptions.Tests", "Logic\Subscriptions.Tests\Logic.Subscriptions.Tests.csproj", "{D09F3A76-0F77-4C80-9EF5-571A7DB6DBD9}"
EndProject
Global
	GlobalSection(SolutionConfigurationPlatforms) = preSolution
		Debug|Any CPU = Debug|Any CPU
		Debug|x64 = Debug|x64
		Debug|x86 = Debug|x86
		Release|Any CPU = Release|Any CPU
		Release|x64 = Release|x64
		Release|x86 = Release|x86
	EndGlobalSection
	GlobalSection(ProjectConfigurationPlatforms) = postSolution
		{46D1328A-4407-4BCE-A30B-F424CB7A4A5E}.Debug|Any CPU.ActiveCfg = Debug|Any CPU
		{46D1328A-4407-4BCE-A30B-F424CB7A4A5E}.Debug|Any CPU.Build.0 = Debug|Any CPU
		{46D1328A-4407-4BCE-A30B-F424CB7A4A5E}.Debug|x64.ActiveCfg = Debug|Any CPU
		{46D1328A-4407-4BCE-A30B-F424CB7A4A5E}.Debug|x64.Build.0 = Debug|Any CPU
		{46D1328A-4407-4BCE-A30B-F424CB7A4A5E}.Debug|x86.ActiveCfg = Debug|Any CPU
		{46D1328A-4407-4BCE-A30B-F424CB7A4A5E}.Debug|x86.Build.0 = Debug|Any CPU
		{46D1328A-4407-4BCE-A30B-F424CB7A4A5E}.Release|Any CPU.ActiveCfg = Release|Any CPU
		{46D1328A-4407-4BCE-A30B-F424CB7A4A5E}.Release|Any CPU.Build.0 = Release|Any CPU
		{46D1328A-4407-4BCE-A30B-F424CB7A4A5E}.Release|x64.ActiveCfg = Release|Any CPU
		{46D1328A-4407-4BCE-A30B-F424CB7A4A5E}.Release|x64.Build.0 = Release|Any CPU
		{46D1328A-4407-4BCE-A30B-F424CB7A4A5E}.Release|x86.ActiveCfg = Release|Any CPU
		{46D1328A-4407-4BCE-A30B-F424CB7A4A5E}.Release|x86.Build.0 = Release|Any CPU
		{D50A613E-5147-4809-85DB-85686D50129B}.Debug|Any CPU.ActiveCfg = Debug|Any CPU
		{D50A613E-5147-4809-85DB-85686D50129B}.Debug|Any CPU.Build.0 = Debug|Any CPU
		{D50A613E-5147-4809-85DB-85686D50129B}.Debug|x64.ActiveCfg = Debug|Any CPU
		{D50A613E-5147-4809-85DB-85686D50129B}.Debug|x64.Build.0 = Debug|Any CPU
		{D50A613E-5147-4809-85DB-85686D50129B}.Debug|x86.ActiveCfg = Debug|Any CPU
		{D50A613E-5147-4809-85DB-85686D50129B}.Debug|x86.Build.0 = Debug|Any CPU
		{D50A613E-5147-4809-85DB-85686D50129B}.Release|Any CPU.ActiveCfg = Release|Any CPU
		{D50A613E-5147-4809-85DB-85686D50129B}.Release|Any CPU.Build.0 = Release|Any CPU
		{D50A613E-5147-4809-85DB-85686D50129B}.Release|x64.ActiveCfg = Release|Any CPU
		{D50A613E-5147-4809-85DB-85686D50129B}.Release|x64.Build.0 = Release|Any CPU
		{D50A613E-5147-4809-85DB-85686D50129B}.Release|x86.ActiveCfg = Release|Any CPU
		{D50A613E-5147-4809-85DB-85686D50129B}.Release|x86.Build.0 = Release|Any CPU
		{F0F7DE84-1D7D-4438-B3E3-11F25746BF3D}.Debug|Any CPU.ActiveCfg = Debug|Any CPU
		{F0F7DE84-1D7D-4438-B3E3-11F25746BF3D}.Debug|Any CPU.Build.0 = Debug|Any CPU
		{F0F7DE84-1D7D-4438-B3E3-11F25746BF3D}.Debug|x64.ActiveCfg = Debug|Any CPU
		{F0F7DE84-1D7D-4438-B3E3-11F25746BF3D}.Debug|x64.Build.0 = Debug|Any CPU
		{F0F7DE84-1D7D-4438-B3E3-11F25746BF3D}.Debug|x86.ActiveCfg = Debug|Any CPU
		{F0F7DE84-1D7D-4438-B3E3-11F25746BF3D}.Debug|x86.Build.0 = Debug|Any CPU
		{F0F7DE84-1D7D-4438-B3E3-11F25746BF3D}.Release|Any CPU.ActiveCfg = Release|Any CPU
		{F0F7DE84-1D7D-4438-B3E3-11F25746BF3D}.Release|Any CPU.Build.0 = Release|Any CPU
		{F0F7DE84-1D7D-4438-B3E3-11F25746BF3D}.Release|x64.ActiveCfg = Release|Any CPU
		{F0F7DE84-1D7D-4438-B3E3-11F25746BF3D}.Release|x64.Build.0 = Release|Any CPU
		{F0F7DE84-1D7D-4438-B3E3-11F25746BF3D}.Release|x86.ActiveCfg = Release|Any CPU
		{F0F7DE84-1D7D-4438-B3E3-11F25746BF3D}.Release|x86.Build.0 = Release|Any CPU
		{6CB5DC40-B0B0-4427-9D8E-DD2F52626CA2}.Debug|Any CPU.ActiveCfg = Debug|Any CPU
		{6CB5DC40-B0B0-4427-9D8E-DD2F52626CA2}.Debug|Any CPU.Build.0 = Debug|Any CPU
		{6CB5DC40-B0B0-4427-9D8E-DD2F52626CA2}.Debug|x64.ActiveCfg = Debug|Any CPU
		{6CB5DC40-B0B0-4427-9D8E-DD2F52626CA2}.Debug|x64.Build.0 = Debug|Any CPU
		{6CB5DC40-B0B0-4427-9D8E-DD2F52626CA2}.Debug|x86.ActiveCfg = Debug|Any CPU
		{6CB5DC40-B0B0-4427-9D8E-DD2F52626CA2}.Debug|x86.Build.0 = Debug|Any CPU
		{6CB5DC40-B0B0-4427-9D8E-DD2F52626CA2}.Release|Any CPU.ActiveCfg = Release|Any CPU
		{6CB5DC40-B0B0-4427-9D8E-DD2F52626CA2}.Release|Any CPU.Build.0 = Release|Any CPU
		{6CB5DC40-B0B0-4427-9D8E-DD2F52626CA2}.Release|x64.ActiveCfg = Release|Any CPU
		{6CB5DC40-B0B0-4427-9D8E-DD2F52626CA2}.Release|x64.Build.0 = Release|Any CPU
		{6CB5DC40-B0B0-4427-9D8E-DD2F52626CA2}.Release|x86.ActiveCfg = Release|Any CPU
		{6CB5DC40-B0B0-4427-9D8E-DD2F52626CA2}.Release|x86.Build.0 = Release|Any CPU
		{8B72E81C-BA54-47FF-9E15-EADE53E37885}.Debug|Any CPU.ActiveCfg = Debug|Any CPU
		{8B72E81C-BA54-47FF-9E15-EADE53E37885}.Debug|Any CPU.Build.0 = Debug|Any CPU
		{8B72E81C-BA54-47FF-9E15-EADE53E37885}.Debug|x64.ActiveCfg = Debug|Any CPU
		{8B72E81C-BA54-47FF-9E15-EADE53E37885}.Debug|x64.Build.0 = Debug|Any CPU
		{8B72E81C-BA54-47FF-9E15-EADE53E37885}.Debug|x86.ActiveCfg = Debug|Any CPU
		{8B72E81C-BA54-47FF-9E15-EADE53E37885}.Debug|x86.Build.0 = Debug|Any CPU
		{8B72E81C-BA54-47FF-9E15-EADE53E37885}.Release|Any CPU.ActiveCfg = Release|Any CPU
		{8B72E81C-BA54-47FF-9E15-EADE53E37885}.Release|Any CPU.Build.0 = Release|Any CPU
		{8B72E81C-BA54-47FF-9E15-EADE53E37885}.Release|x64.ActiveCfg = Release|Any CPU
		{8B72E81C-BA54-47FF-9E15-EADE53E37885}.Release|x64.Build.0 = Release|Any CPU
		{8B72E81C-BA54-47FF-9E15-EADE53E37885}.Release|x86.ActiveCfg = Release|Any CPU
		{8B72E81C-BA54-47FF-9E15-EADE53E37885}.Release|x86.Build.0 = Release|Any CPU
		{B9BDD718-45FE-4545-9A9D-AB2C335E812B}.Debug|Any CPU.ActiveCfg = Debug|Any CPU
		{B9BDD718-45FE-4545-9A9D-AB2C335E812B}.Debug|Any CPU.Build.0 = Debug|Any CPU
		{B9BDD718-45FE-4545-9A9D-AB2C335E812B}.Debug|x64.ActiveCfg = Debug|Any CPU
		{B9BDD718-45FE-4545-9A9D-AB2C335E812B}.Debug|x64.Build.0 = Debug|Any CPU
		{B9BDD718-45FE-4545-9A9D-AB2C335E812B}.Debug|x86.ActiveCfg = Debug|Any CPU
		{B9BDD718-45FE-4545-9A9D-AB2C335E812B}.Debug|x86.Build.0 = Debug|Any CPU
		{B9BDD718-45FE-4545-9A9D-AB2C335E812B}.Release|Any CPU.ActiveCfg = Release|Any CPU
		{B9BDD718-45FE-4545-9A9D-AB2C335E812B}.Release|Any CPU.Build.0 = Release|Any CPU
		{B9BDD718-45FE-4545-9A9D-AB2C335E812B}.Release|x64.ActiveCfg = Release|Any CPU
		{B9BDD718-45FE-4545-9A9D-AB2C335E812B}.Release|x64.Build.0 = Release|Any CPU
		{B9BDD718-45FE-4545-9A9D-AB2C335E812B}.Release|x86.ActiveCfg = Release|Any CPU
		{B9BDD718-45FE-4545-9A9D-AB2C335E812B}.Release|x86.Build.0 = Release|Any CPU
		{07FB0E60-9B4A-4EAA-B29E-F89C4897DC46}.Debug|Any CPU.ActiveCfg = Debug|Any CPU
		{07FB0E60-9B4A-4EAA-B29E-F89C4897DC46}.Debug|Any CPU.Build.0 = Debug|Any CPU
		{07FB0E60-9B4A-4EAA-B29E-F89C4897DC46}.Debug|x64.ActiveCfg = Debug|Any CPU
		{07FB0E60-9B4A-4EAA-B29E-F89C4897DC46}.Debug|x64.Build.0 = Debug|Any CPU
		{07FB0E60-9B4A-4EAA-B29E-F89C4897DC46}.Debug|x86.ActiveCfg = Debug|Any CPU
		{07FB0E60-9B4A-4EAA-B29E-F89C4897DC46}.Debug|x86.Build.0 = Debug|Any CPU
		{07FB0E60-9B4A-4EAA-B29E-F89C4897DC46}.Release|Any CPU.ActiveCfg = Release|Any CPU
		{07FB0E60-9B4A-4EAA-B29E-F89C4897DC46}.Release|Any CPU.Build.0 = Release|Any CPU
		{07FB0E60-9B4A-4EAA-B29E-F89C4897DC46}.Release|x64.ActiveCfg = Release|Any CPU
		{07FB0E60-9B4A-4EAA-B29E-F89C4897DC46}.Release|x64.Build.0 = Release|Any CPU
		{07FB0E60-9B4A-4EAA-B29E-F89C4897DC46}.Release|x86.ActiveCfg = Release|Any CPU
		{07FB0E60-9B4A-4EAA-B29E-F89C4897DC46}.Release|x86.Build.0 = Release|Any CPU
		{7EC82795-C2B7-4BD0-BA45-3AFF9E4BEF07}.Debug|Any CPU.ActiveCfg = Debug|Any CPU
		{7EC82795-C2B7-4BD0-BA45-3AFF9E4BEF07}.Debug|Any CPU.Build.0 = Debug|Any CPU
		{7EC82795-C2B7-4BD0-BA45-3AFF9E4BEF07}.Debug|x64.ActiveCfg = Debug|Any CPU
		{7EC82795-C2B7-4BD0-BA45-3AFF9E4BEF07}.Debug|x64.Build.0 = Debug|Any CPU
		{7EC82795-C2B7-4BD0-BA45-3AFF9E4BEF07}.Debug|x86.ActiveCfg = Debug|Any CPU
		{7EC82795-C2B7-4BD0-BA45-3AFF9E4BEF07}.Debug|x86.Build.0 = Debug|Any CPU
		{7EC82795-C2B7-4BD0-BA45-3AFF9E4BEF07}.Release|Any CPU.ActiveCfg = Release|Any CPU
		{7EC82795-C2B7-4BD0-BA45-3AFF9E4BEF07}.Release|Any CPU.Build.0 = Release|Any CPU
		{7EC82795-C2B7-4BD0-BA45-3AFF9E4BEF07}.Release|x64.ActiveCfg = Release|Any CPU
		{7EC82795-C2B7-4BD0-BA45-3AFF9E4BEF07}.Release|x64.Build.0 = Release|Any CPU
		{7EC82795-C2B7-4BD0-BA45-3AFF9E4BEF07}.Release|x86.ActiveCfg = Release|Any CPU
		{7EC82795-C2B7-4BD0-BA45-3AFF9E4BEF07}.Release|x86.Build.0 = Release|Any CPU
		{95ABB1CF-0BBC-411D-9B69-3DE3C2949CE8}.Debug|Any CPU.ActiveCfg = Debug|Any CPU
		{95ABB1CF-0BBC-411D-9B69-3DE3C2949CE8}.Debug|Any CPU.Build.0 = Debug|Any CPU
		{95ABB1CF-0BBC-411D-9B69-3DE3C2949CE8}.Debug|x64.ActiveCfg = Debug|Any CPU
		{95ABB1CF-0BBC-411D-9B69-3DE3C2949CE8}.Debug|x64.Build.0 = Debug|Any CPU
		{95ABB1CF-0BBC-411D-9B69-3DE3C2949CE8}.Debug|x86.ActiveCfg = Debug|Any CPU
		{95ABB1CF-0BBC-411D-9B69-3DE3C2949CE8}.Debug|x86.Build.0 = Debug|Any CPU
		{95ABB1CF-0BBC-411D-9B69-3DE3C2949CE8}.Release|Any CPU.ActiveCfg = Release|Any CPU
		{95ABB1CF-0BBC-411D-9B69-3DE3C2949CE8}.Release|Any CPU.Build.0 = Release|Any CPU
		{95ABB1CF-0BBC-411D-9B69-3DE3C2949CE8}.Release|x64.ActiveCfg = Release|Any CPU
		{95ABB1CF-0BBC-411D-9B69-3DE3C2949CE8}.Release|x64.Build.0 = Release|Any CPU
		{95ABB1CF-0BBC-411D-9B69-3DE3C2949CE8}.Release|x86.ActiveCfg = Release|Any CPU
		{95ABB1CF-0BBC-411D-9B69-3DE3C2949CE8}.Release|x86.Build.0 = Release|Any CPU
		{523EADD3-C8F5-4245-AD77-BCC003854CDC}.Debug|Any CPU.ActiveCfg = Debug|Any CPU
		{523EADD3-C8F5-4245-AD77-BCC003854CDC}.Debug|Any CPU.Build.0 = Debug|Any CPU
		{523EADD3-C8F5-4245-AD77-BCC003854CDC}.Debug|x64.ActiveCfg = Debug|Any CPU
		{523EADD3-C8F5-4245-AD77-BCC003854CDC}.Debug|x64.Build.0 = Debug|Any CPU
		{523EADD3-C8F5-4245-AD77-BCC003854CDC}.Debug|x86.ActiveCfg = Debug|Any CPU
		{523EADD3-C8F5-4245-AD77-BCC003854CDC}.Debug|x86.Build.0 = Debug|Any CPU
		{523EADD3-C8F5-4245-AD77-BCC003854CDC}.Release|Any CPU.ActiveCfg = Release|Any CPU
		{523EADD3-C8F5-4245-AD77-BCC003854CDC}.Release|Any CPU.Build.0 = Release|Any CPU
		{523EADD3-C8F5-4245-AD77-BCC003854CDC}.Release|x64.ActiveCfg = Release|Any CPU
		{523EADD3-C8F5-4245-AD77-BCC003854CDC}.Release|x64.Build.0 = Release|Any CPU
		{523EADD3-C8F5-4245-AD77-BCC003854CDC}.Release|x86.ActiveCfg = Release|Any CPU
		{523EADD3-C8F5-4245-AD77-BCC003854CDC}.Release|x86.Build.0 = Release|Any CPU
		{ABE37F2C-8784-4B05-873B-19C32F724EFF}.Debug|Any CPU.ActiveCfg = Debug|Any CPU
		{ABE37F2C-8784-4B05-873B-19C32F724EFF}.Debug|Any CPU.Build.0 = Debug|Any CPU
		{ABE37F2C-8784-4B05-873B-19C32F724EFF}.Debug|x64.ActiveCfg = Debug|Any CPU
		{ABE37F2C-8784-4B05-873B-19C32F724EFF}.Debug|x64.Build.0 = Debug|Any CPU
		{ABE37F2C-8784-4B05-873B-19C32F724EFF}.Debug|x86.ActiveCfg = Debug|Any CPU
		{ABE37F2C-8784-4B05-873B-19C32F724EFF}.Debug|x86.Build.0 = Debug|Any CPU
		{ABE37F2C-8784-4B05-873B-19C32F724EFF}.Release|Any CPU.ActiveCfg = Release|Any CPU
		{ABE37F2C-8784-4B05-873B-19C32F724EFF}.Release|Any CPU.Build.0 = Release|Any CPU
		{ABE37F2C-8784-4B05-873B-19C32F724EFF}.Release|x64.ActiveCfg = Release|Any CPU
		{ABE37F2C-8784-4B05-873B-19C32F724EFF}.Release|x64.Build.0 = Release|Any CPU
		{ABE37F2C-8784-4B05-873B-19C32F724EFF}.Release|x86.ActiveCfg = Release|Any CPU
		{ABE37F2C-8784-4B05-873B-19C32F724EFF}.Release|x86.Build.0 = Release|Any CPU
		{996AF2E6-65D5-40F8-B77C-32D4E7D041EA}.Debug|Any CPU.ActiveCfg = Debug|Any CPU
		{996AF2E6-65D5-40F8-B77C-32D4E7D041EA}.Debug|Any CPU.Build.0 = Debug|Any CPU
		{996AF2E6-65D5-40F8-B77C-32D4E7D041EA}.Debug|x64.ActiveCfg = Debug|Any CPU
		{996AF2E6-65D5-40F8-B77C-32D4E7D041EA}.Debug|x64.Build.0 = Debug|Any CPU
		{996AF2E6-65D5-40F8-B77C-32D4E7D041EA}.Debug|x86.ActiveCfg = Debug|Any CPU
		{996AF2E6-65D5-40F8-B77C-32D4E7D041EA}.Debug|x86.Build.0 = Debug|Any CPU
		{996AF2E6-65D5-40F8-B77C-32D4E7D041EA}.Release|Any CPU.ActiveCfg = Release|Any CPU
		{996AF2E6-65D5-40F8-B77C-32D4E7D041EA}.Release|Any CPU.Build.0 = Release|Any CPU
		{996AF2E6-65D5-40F8-B77C-32D4E7D041EA}.Release|x64.ActiveCfg = Release|Any CPU
		{996AF2E6-65D5-40F8-B77C-32D4E7D041EA}.Release|x64.Build.0 = Release|Any CPU
		{996AF2E6-65D5-40F8-B77C-32D4E7D041EA}.Release|x86.ActiveCfg = Release|Any CPU
		{996AF2E6-65D5-40F8-B77C-32D4E7D041EA}.Release|x86.Build.0 = Release|Any CPU
		{25238FF5-44C6-4D96-8883-85CC94250875}.Debug|Any CPU.ActiveCfg = Debug|Any CPU
		{25238FF5-44C6-4D96-8883-85CC94250875}.Debug|Any CPU.Build.0 = Debug|Any CPU
		{25238FF5-44C6-4D96-8883-85CC94250875}.Debug|x64.ActiveCfg = Debug|Any CPU
		{25238FF5-44C6-4D96-8883-85CC94250875}.Debug|x64.Build.0 = Debug|Any CPU
		{25238FF5-44C6-4D96-8883-85CC94250875}.Debug|x86.ActiveCfg = Debug|Any CPU
		{25238FF5-44C6-4D96-8883-85CC94250875}.Debug|x86.Build.0 = Debug|Any CPU
		{25238FF5-44C6-4D96-8883-85CC94250875}.Release|Any CPU.ActiveCfg = Release|Any CPU
		{25238FF5-44C6-4D96-8883-85CC94250875}.Release|Any CPU.Build.0 = Release|Any CPU
		{25238FF5-44C6-4D96-8883-85CC94250875}.Release|x64.ActiveCfg = Release|Any CPU
		{25238FF5-44C6-4D96-8883-85CC94250875}.Release|x64.Build.0 = Release|Any CPU
		{25238FF5-44C6-4D96-8883-85CC94250875}.Release|x86.ActiveCfg = Release|Any CPU
		{25238FF5-44C6-4D96-8883-85CC94250875}.Release|x86.Build.0 = Release|Any CPU
		{256C8189-B09F-4FCB-863D-E58AB100F362}.Debug|Any CPU.ActiveCfg = Debug|Any CPU
		{256C8189-B09F-4FCB-863D-E58AB100F362}.Debug|Any CPU.Build.0 = Debug|Any CPU
		{256C8189-B09F-4FCB-863D-E58AB100F362}.Debug|x64.ActiveCfg = Debug|Any CPU
		{256C8189-B09F-4FCB-863D-E58AB100F362}.Debug|x64.Build.0 = Debug|Any CPU
		{256C8189-B09F-4FCB-863D-E58AB100F362}.Debug|x86.ActiveCfg = Debug|Any CPU
		{256C8189-B09F-4FCB-863D-E58AB100F362}.Debug|x86.Build.0 = Debug|Any CPU
		{256C8189-B09F-4FCB-863D-E58AB100F362}.Release|Any CPU.ActiveCfg = Release|Any CPU
		{256C8189-B09F-4FCB-863D-E58AB100F362}.Release|Any CPU.Build.0 = Release|Any CPU
		{256C8189-B09F-4FCB-863D-E58AB100F362}.Release|x64.ActiveCfg = Release|Any CPU
		{256C8189-B09F-4FCB-863D-E58AB100F362}.Release|x64.Build.0 = Release|Any CPU
		{256C8189-B09F-4FCB-863D-E58AB100F362}.Release|x86.ActiveCfg = Release|Any CPU
		{256C8189-B09F-4FCB-863D-E58AB100F362}.Release|x86.Build.0 = Release|Any CPU
		{F8DABFDC-EB79-4710-9686-FBB2D7A5CACE}.Debug|Any CPU.ActiveCfg = Debug|Any CPU
		{F8DABFDC-EB79-4710-9686-FBB2D7A5CACE}.Debug|Any CPU.Build.0 = Debug|Any CPU
		{F8DABFDC-EB79-4710-9686-FBB2D7A5CACE}.Debug|x64.ActiveCfg = Debug|Any CPU
		{F8DABFDC-EB79-4710-9686-FBB2D7A5CACE}.Debug|x64.Build.0 = Debug|Any CPU
		{F8DABFDC-EB79-4710-9686-FBB2D7A5CACE}.Debug|x86.ActiveCfg = Debug|Any CPU
		{F8DABFDC-EB79-4710-9686-FBB2D7A5CACE}.Debug|x86.Build.0 = Debug|Any CPU
		{F8DABFDC-EB79-4710-9686-FBB2D7A5CACE}.Release|Any CPU.ActiveCfg = Release|Any CPU
		{F8DABFDC-EB79-4710-9686-FBB2D7A5CACE}.Release|Any CPU.Build.0 = Release|Any CPU
		{F8DABFDC-EB79-4710-9686-FBB2D7A5CACE}.Release|x64.ActiveCfg = Release|Any CPU
		{F8DABFDC-EB79-4710-9686-FBB2D7A5CACE}.Release|x64.Build.0 = Release|Any CPU
		{F8DABFDC-EB79-4710-9686-FBB2D7A5CACE}.Release|x86.ActiveCfg = Release|Any CPU
		{F8DABFDC-EB79-4710-9686-FBB2D7A5CACE}.Release|x86.Build.0 = Release|Any CPU
		{3466DE1E-84CE-4006-8142-1F8930320741}.Debug|Any CPU.ActiveCfg = Debug|Any CPU
		{3466DE1E-84CE-4006-8142-1F8930320741}.Debug|Any CPU.Build.0 = Debug|Any CPU
		{3466DE1E-84CE-4006-8142-1F8930320741}.Debug|x64.ActiveCfg = Debug|Any CPU
		{3466DE1E-84CE-4006-8142-1F8930320741}.Debug|x64.Build.0 = Debug|Any CPU
		{3466DE1E-84CE-4006-8142-1F8930320741}.Debug|x86.ActiveCfg = Debug|Any CPU
		{3466DE1E-84CE-4006-8142-1F8930320741}.Debug|x86.Build.0 = Debug|Any CPU
		{3466DE1E-84CE-4006-8142-1F8930320741}.Release|Any CPU.ActiveCfg = Release|Any CPU
		{3466DE1E-84CE-4006-8142-1F8930320741}.Release|Any CPU.Build.0 = Release|Any CPU
		{3466DE1E-84CE-4006-8142-1F8930320741}.Release|x64.ActiveCfg = Release|Any CPU
		{3466DE1E-84CE-4006-8142-1F8930320741}.Release|x64.Build.0 = Release|Any CPU
		{3466DE1E-84CE-4006-8142-1F8930320741}.Release|x86.ActiveCfg = Release|Any CPU
		{3466DE1E-84CE-4006-8142-1F8930320741}.Release|x86.Build.0 = Release|Any CPU
		{B33866AC-455B-4E09-8255-7B6C679F178E}.Debug|Any CPU.ActiveCfg = Debug|Any CPU
		{B33866AC-455B-4E09-8255-7B6C679F178E}.Debug|Any CPU.Build.0 = Debug|Any CPU
		{B33866AC-455B-4E09-8255-7B6C679F178E}.Debug|x64.ActiveCfg = Debug|Any CPU
		{B33866AC-455B-4E09-8255-7B6C679F178E}.Debug|x64.Build.0 = Debug|Any CPU
		{B33866AC-455B-4E09-8255-7B6C679F178E}.Debug|x86.ActiveCfg = Debug|Any CPU
		{B33866AC-455B-4E09-8255-7B6C679F178E}.Debug|x86.Build.0 = Debug|Any CPU
		{B33866AC-455B-4E09-8255-7B6C679F178E}.Release|Any CPU.ActiveCfg = Release|Any CPU
		{B33866AC-455B-4E09-8255-7B6C679F178E}.Release|Any CPU.Build.0 = Release|Any CPU
		{B33866AC-455B-4E09-8255-7B6C679F178E}.Release|x64.ActiveCfg = Release|Any CPU
		{B33866AC-455B-4E09-8255-7B6C679F178E}.Release|x64.Build.0 = Release|Any CPU
		{B33866AC-455B-4E09-8255-7B6C679F178E}.Release|x86.ActiveCfg = Release|Any CPU
		{B33866AC-455B-4E09-8255-7B6C679F178E}.Release|x86.Build.0 = Release|Any CPU
		{D09F3A76-0F77-4C80-9EF5-571A7DB6DBD9}.Debug|Any CPU.ActiveCfg = Debug|Any CPU
		{D09F3A76-0F77-4C80-9EF5-571A7DB6DBD9}.Debug|Any CPU.Build.0 = Debug|Any CPU
		{D09F3A76-0F77-4C80-9EF5-571A7DB6DBD9}.Debug|x64.ActiveCfg = Debug|Any CPU
		{D09F3A76-0F77-4C80-9EF5-571A7DB6DBD9}.Debug|x64.Build.0 = Debug|Any CPU
		{D09F3A76-0F77-4C80-9EF5-571A7DB6DBD9}.Debug|x86.ActiveCfg = Debug|Any CPU
		{D09F3A76-0F77-4C80-9EF5-571A7DB6DBD9}.Debug|x86.Build.0 = Debug|Any CPU
		{D09F3A76-0F77-4C80-9EF5-571A7DB6DBD9}.Release|Any CPU.ActiveCfg = Release|Any CPU
		{D09F3A76-0F77-4C80-9EF5-571A7DB6DBD9}.Release|Any CPU.Build.0 = Release|Any CPU
		{D09F3A76-0F77-4C80-9EF5-571A7DB6DBD9}.Release|x64.ActiveCfg = Release|Any CPU
		{D09F3A76-0F77-4C80-9EF5-571A7DB6DBD9}.Release|x64.Build.0 = Release|Any CPU
		{D09F3A76-0F77-4C80-9EF5-571A7DB6DBD9}.Release|x86.ActiveCfg = Release|Any CPU
		{D09F3A76-0F77-4C80-9EF5-571A7DB6DBD9}.Release|x86.Build.0 = Release|Any CPU
	EndGlobalSection
	GlobalSection(SolutionProperties) = preSolution
		HideSolutionNode = FALSE
	EndGlobalSection
	GlobalSection(NestedProjects) = preSolution
		{46D1328A-4407-4BCE-A30B-F424CB7A4A5E} = {07E9CACF-B4D2-4A5D-9920-38B9CA9EC3A2}
		{D50A613E-5147-4809-85DB-85686D50129B} = {74648731-0487-44A2-86E4-5F375B9B1B67}
		{F0F7DE84-1D7D-4438-B3E3-11F25746BF3D} = {74648731-0487-44A2-86E4-5F375B9B1B67}
		{6CB5DC40-B0B0-4427-9D8E-DD2F52626CA2} = {74648731-0487-44A2-86E4-5F375B9B1B67}
		{8B72E81C-BA54-47FF-9E15-EADE53E37885} = {3ED80D83-B7B1-43C0-B1F4-2B6682B4DA87}
		{B9BDD718-45FE-4545-9A9D-AB2C335E812B} = {74648731-0487-44A2-86E4-5F375B9B1B67}
		{07FB0E60-9B4A-4EAA-B29E-F89C4897DC46} = {74648731-0487-44A2-86E4-5F375B9B1B67}
		{7EC82795-C2B7-4BD0-BA45-3AFF9E4BEF07} = {74648731-0487-44A2-86E4-5F375B9B1B67}
		{95ABB1CF-0BBC-411D-9B69-3DE3C2949CE8} = {07E9CACF-B4D2-4A5D-9920-38B9CA9EC3A2}
		{523EADD3-C8F5-4245-AD77-BCC003854CDC} = {07E9CACF-B4D2-4A5D-9920-38B9CA9EC3A2}
		{ABE37F2C-8784-4B05-873B-19C32F724EFF} = {07E9CACF-B4D2-4A5D-9920-38B9CA9EC3A2}
		{996AF2E6-65D5-40F8-B77C-32D4E7D041EA} = {3ED80D83-B7B1-43C0-B1F4-2B6682B4DA87}
		{25238FF5-44C6-4D96-8883-85CC94250875} = {74648731-0487-44A2-86E4-5F375B9B1B67}
		{256C8189-B09F-4FCB-863D-E58AB100F362} = {83A05DB4-58DE-4B41-864B-0AE18CE8C4D0}
		{F8DABFDC-EB79-4710-9686-FBB2D7A5CACE} = {74648731-0487-44A2-86E4-5F375B9B1B67}
		{3466DE1E-84CE-4006-8142-1F8930320741} = {DE8C2D00-5013-4976-9365-896D624CD532}
		{B33866AC-455B-4E09-8255-7B6C679F178E} = {83A05DB4-58DE-4B41-864B-0AE18CE8C4D0}
		{D09F3A76-0F77-4C80-9EF5-571A7DB6DBD9} = {74648731-0487-44A2-86E4-5F375B9B1B67}
	EndGlobalSection
	GlobalSection(ExtensibilityGlobals) = postSolution
		SolutionGuid = {17278AB9-ACAB-4584-89E3-112FDCDB0A15}
	EndGlobalSection
	GlobalSection(MonoDevelopProperties) = preSolution
		Policies = $0
		$0.StandardHeader = $1
		$1.Text = @Copyright (c) 2021 - present, Pavlo Kruglov.\n\nThis program is free software: you can redistribute it and/or modify\nit under the terms of the Server Side Public License, version 1,\nas published by MongoDB, Inc.\n\nThis program is distributed in the hope that it will be useful,\nbut WITHOUT ANY WARRANTY; without even the implied warranty of\nMERCHANTABILITY or FITNESS FOR A PARTICULAR PURPOSE. See the\nServer Side Public License for more details.\n\nYou should have received a copy of the Server Side Public License\nalong with this program. If not, see\n<http://www.mongodb.com/licensing/server-side-public-license>.
	EndGlobalSection
EndGlobal
